
Microsoft Visual Studio Solution File, Format Version 12.00
# Visual Studio Version 16
VisualStudioVersion = 16.0.30114.105
MinimumVisualStudioVersion = 10.0.40219.1
Project("{FAE04EC0-301F-11D3-BF4B-00C04F79EFBC}") = "API", "API\API.csproj", "{5AB130EF-22D1-4239-BCFD-F03F9FF0FE5D}"
EndProject
Project("{FAE04EC0-301F-11D3-BF4B-00C04F79EFBC}") = "Core", "Core\Core.csproj", "{94F6425E-1451-4011-BC7E-075E2A6AEEB6}"
EndProject
Project("{FAE04EC0-301F-11D3-BF4B-00C04F79EFBC}") = "Infraestructura", "Infraestructura\Infraestructura.csproj", "{5E02141B-4FFE-4F52-813B-C0FD57CC20DD}"
EndProject
Global
	GlobalSection(SolutionConfigurationPlatforms) = preSolution
		Debug|Any CPU = Debug|Any CPU
		Release|Any CPU = Release|Any CPU
	EndGlobalSection
	GlobalSection(SolutionProperties) = preSolution
		HideSolutionNode = FALSE
	EndGlobalSection
	GlobalSection(ProjectConfigurationPlatforms) = postSolution
		{5AB130EF-22D1-4239-BCFD-F03F9FF0FE5D}.Debug|Any CPU.ActiveCfg = Debug|Any CPU
		{5AB130EF-22D1-4239-BCFD-F03F9FF0FE5D}.Debug|Any CPU.Build.0 = Debug|Any CPU
		{5AB130EF-22D1-4239-BCFD-F03F9FF0FE5D}.Release|Any CPU.ActiveCfg = Release|Any CPU
		{5AB130EF-22D1-4239-BCFD-F03F9FF0FE5D}.Release|Any CPU.Build.0 = Release|Any CPU
		{94F6425E-1451-4011-BC7E-075E2A6AEEB6}.Debug|Any CPU.ActiveCfg = Debug|Any CPU
		{94F6425E-1451-4011-BC7E-075E2A6AEEB6}.Debug|Any CPU.Build.0 = Debug|Any CPU
		{94F6425E-1451-4011-BC7E-075E2A6AEEB6}.Release|Any CPU.ActiveCfg = Release|Any CPU
		{94F6425E-1451-4011-BC7E-075E2A6AEEB6}.Release|Any CPU.Build.0 = Release|Any CPU
		{5E02141B-4FFE-4F52-813B-C0FD57CC20DD}.Debug|Any CPU.ActiveCfg = Debug|Any CPU
		{5E02141B-4FFE-4F52-813B-C0FD57CC20DD}.Debug|Any CPU.Build.0 = Debug|Any CPU
		{5E02141B-4FFE-4F52-813B-C0FD57CC20DD}.Release|Any CPU.ActiveCfg = Release|Any CPU
		{5E02141B-4FFE-4F52-813B-C0FD57CC20DD}.Release|Any CPU.Build.0 = Release|Any CPU
	EndGlobalSection
EndGlobal
